
Microsoft Visual Studio Solution File, Format Version 12.00
# Visual Studio Version 16
VisualStudioVersion = 16.0.30804.86
MinimumVisualStudioVersion = 10.0.40219.1
Project("{FAE04EC0-301F-11D3-BF4B-00C04F79EFBC}") = "DLL_MathExt", "DLL_MathExt.csproj", "{CC8621CB-CFA2-448C-AA10-8B2DD02BEA2C}"
EndProject
Global
	GlobalSection(SolutionConfigurationPlatforms) = preSolution
		Debug|Any CPU = Debug|Any CPU
		Release|Any CPU = Release|Any CPU
	EndGlobalSection
	GlobalSection(ProjectConfigurationPlatforms) = postSolution
		{CC8621CB-CFA2-448C-AA10-8B2DD02BEA2C}.Debug|Any CPU.ActiveCfg = Debug|Any CPU
		{CC8621CB-CFA2-448C-AA10-8B2DD02BEA2C}.Debug|Any CPU.Build.0 = Debug|Any CPU
		{CC8621CB-CFA2-448C-AA10-8B2DD02BEA2C}.Release|Any CPU.ActiveCfg = Release|Any CPU
		{CC8621CB-CFA2-448C-AA10-8B2DD02BEA2C}.Release|Any CPU.Build.0 = Release|Any CPU
	EndGlobalSection
	GlobalSection(SolutionProperties) = preSolution
		HideSolutionNode = FALSE
	EndGlobalSection
	GlobalSection(ExtensibilityGlobals) = postSolution
		SolutionGuid = {2F4A569A-E70F-4023-A6A5-4DB90A89E6FA}
	EndGlobalSection
EndGlobal
